
Microsoft Visual Studio Solution File, Format Version 12.00
# Visual Studio Version 16
VisualStudioVersion = 16.0.29911.84
MinimumVisualStudioVersion = 10.0.40219.1
Project("{FAE04EC0-301F-11D3-BF4B-00C04F79EFBC}") = "Registration", "Registration\Registration.csproj", "{2B72F989-9B13-41F9-93C4-EA198499A4B5}"
EndProject
Global
	GlobalSection(SolutionConfigurationPlatforms) = preSolution
		Debug|Any CPU = Debug|Any CPU
		Release|Any CPU = Release|Any CPU
	EndGlobalSection
	GlobalSection(ProjectConfigurationPlatforms) = postSolution
		{2B72F989-9B13-41F9-93C4-EA198499A4B5}.Debug|Any CPU.ActiveCfg = Debug|Any CPU
		{2B72F989-9B13-41F9-93C4-EA198499A4B5}.Debug|Any CPU.Build.0 = Debug|Any CPU
		{2B72F989-9B13-41F9-93C4-EA198499A4B5}.Release|Any CPU.ActiveCfg = Release|Any CPU
		{2B72F989-9B13-41F9-93C4-EA198499A4B5}.Release|Any CPU.Build.0 = Release|Any CPU
	EndGlobalSection
	GlobalSection(SolutionProperties) = preSolution
		HideSolutionNode = FALSE
	EndGlobalSection
	GlobalSection(ExtensibilityGlobals) = postSolution
		SolutionGuid = {37FB1CDC-99AA-495B-A994-66A8FCF4E184}
	EndGlobalSection
EndGlobal
